
Microsoft Visual Studio Solution File, Format Version 12.00
# Visual Studio Version 17
VisualStudioVersion = 17.8.34330.188
MinimumVisualStudioVersion = 10.0.40219.1
Project("{FAE04EC0-301F-11D3-BF4B-00C04F79EFBC}") = "AcadGetNurbsInfo", "AcadGetNurbsInfo\AcadGetNurbsInfo.csproj", "{A693071C-BEB6-4FA4-88A9-AA783FAFF3F5}"
EndProject
Global
	GlobalSection(SolutionConfigurationPlatforms) = preSolution
		Debug|Any CPU = Debug|Any CPU
		Release|Any CPU = Release|Any CPU
	EndGlobalSection
	GlobalSection(ProjectConfigurationPlatforms) = postSolution
		{A693071C-BEB6-4FA4-88A9-AA783FAFF3F5}.Debug|Any CPU.ActiveCfg = Debug|Any CPU
		{A693071C-BEB6-4FA4-88A9-AA783FAFF3F5}.Debug|Any CPU.Build.0 = Debug|Any CPU
		{A693071C-BEB6-4FA4-88A9-AA783FAFF3F5}.Release|Any CPU.ActiveCfg = Release|Any CPU
		{A693071C-BEB6-4FA4-88A9-AA783FAFF3F5}.Release|Any CPU.Build.0 = Release|Any CPU
	EndGlobalSection
	GlobalSection(SolutionProperties) = preSolution
		HideSolutionNode = FALSE
	EndGlobalSection
	GlobalSection(ExtensibilityGlobals) = postSolution
		SolutionGuid = {13310739-0E0A-4D17-A781-5E59B91A7866}
	EndGlobalSection
EndGlobal
